
Microsoft Visual Studio Solution File, Format Version 12.00
# Visual Studio 2013
VisualStudioVersion = 12.0.40629.0
MinimumVisualStudioVersion = 10.0.40219.1
Project("{2150E333-8FDC-42A3-9474-1A3956D46DE8}") = ".config", ".config", "{77431195-560A-4CAB-97CA-18D7014F3509}"
	ProjectSection(SolutionItems) = preProject
		.config\test.targets = .config\test.targets
	EndProjectSection
EndProject
Project("{2150E333-8FDC-42A3-9474-1A3956D46DE8}") = "Tasks", "Tasks", "{547A68C0-560A-4CAB-97CA-18D7024F3509}"
EndProject
Project("{2150E333-8FDC-42A3-9474-1A3956D46DE8}") = "Test", "Test", "{0567E5C5-CF8B-4E5C-8DE2-9C6E7EC57A39}"
EndProject
Project("{FAE04EC0-301F-11D3-BF4B-00C04F79EFBC}") = "MCode.Core", "Src\MCode.Core\MCode.Core.csproj", "{77431195-A77A-42D8-94AA-C863F91812F0}"
EndProject
Project("{FAE04EC0-301F-11D3-BF4B-00C04F79EFBC}") = "MCode.Host", "Src\MCode.Host\MCode.Host.csproj", "{1050C9F5-41F8-4948-B272-1BF0166BB950}"
EndProject
Project("{FAE04EC0-301F-11D3-BF4B-00C04F79EFBC}") = "MCode.CoreTest", "Test\MCode.CoreTest\MCode.CoreTest.csproj", "{CD888B40-BA46-4855-AB14-7F19B5A25FB4}"
EndProject
Project("{FAE04EC0-301F-11D3-BF4B-00C04F79EFBC}") = "MCode.Email", "Src\Tasks\MCode.EMail\MCode.Email.csproj", "{8E2FF9C2-1BDE-4052-A2CD-F18AC234AEF9}"
EndProject
Project("{2150E333-8FDC-42A3-9474-1A3956D46DE8}") = "Host", "Host", "{D549FFFB-BBEF-4422-9A83-6D4719FF17D7}"
EndProject
Project("{FAE04EC0-301F-11D3-BF4B-00C04F79EFBC}") = "MCode.Console", "Src\Host\MCode.Console\MCode.Console.csproj", "{2AB2965B-2ECE-4630-8A89-6BC3399E8CCB}"
EndProject
Project("{FAE04EC0-301F-11D3-BF4B-00C04F79EFBC}") = "MCode.Common", "Src\MCode.Common\MCode.Common.csproj", "{2C962F08-F2F0-421E-8F98-97AEAF8A8514}"
EndProject
Project("{FAE04EC0-301F-11D3-BF4B-00C04F79EFBC}") = "MCode.TasksTest", "Test\MCode.TasksTest\MCode.TasksTest.csproj", "{7B9969F6-5C5A-449F-A1BF-3B000A451685}"
EndProject
Project("{FAE04EC0-301F-11D3-BF4B-00C04F79EFBC}") = "MCode.WebTest", "Test\MCode.WebTest\MCode.WebTest.csproj", "{3466C19F-D116-431E-8B07-E9895685217D}"
EndProject
Project("{FAE04EC0-301F-11D3-BF4B-00C04F79EFBC}") = "MCode.WebUI", "Src\MCode.Web\MCode.WebUI.csproj", "{86C43687-EB26-4D15-B77F-324FDE63E68A}"
EndProject
Global
	GlobalSection(SolutionConfigurationPlatforms) = preSolution
		Debug|Any CPU = Debug|Any CPU
		Release|Any CPU = Release|Any CPU
	EndGlobalSection
	GlobalSection(ProjectConfigurationPlatforms) = postSolution
		{77431195-A77A-42D8-94AA-C863F91812F0}.Debug|Any CPU.ActiveCfg = Debug|Any CPU
		{77431195-A77A-42D8-94AA-C863F91812F0}.Debug|Any CPU.Build.0 = Debug|Any CPU
		{77431195-A77A-42D8-94AA-C863F91812F0}.Release|Any CPU.ActiveCfg = Release|Any CPU
		{77431195-A77A-42D8-94AA-C863F91812F0}.Release|Any CPU.Build.0 = Release|Any CPU
		{1050C9F5-41F8-4948-B272-1BF0166BB950}.Debug|Any CPU.ActiveCfg = Debug|Any CPU
		{1050C9F5-41F8-4948-B272-1BF0166BB950}.Debug|Any CPU.Build.0 = Debug|Any CPU
		{1050C9F5-41F8-4948-B272-1BF0166BB950}.Release|Any CPU.ActiveCfg = Release|Any CPU
		{1050C9F5-41F8-4948-B272-1BF0166BB950}.Release|Any CPU.Build.0 = Release|Any CPU
		{CD888B40-BA46-4855-AB14-7F19B5A25FB4}.Debug|Any CPU.ActiveCfg = Debug|Any CPU
		{CD888B40-BA46-4855-AB14-7F19B5A25FB4}.Debug|Any CPU.Build.0 = Debug|Any CPU
		{CD888B40-BA46-4855-AB14-7F19B5A25FB4}.Release|Any CPU.ActiveCfg = Release|Any CPU
		{CD888B40-BA46-4855-AB14-7F19B5A25FB4}.Release|Any CPU.Build.0 = Release|Any CPU
		{8E2FF9C2-1BDE-4052-A2CD-F18AC234AEF9}.Debug|Any CPU.ActiveCfg = Debug|Any CPU
		{8E2FF9C2-1BDE-4052-A2CD-F18AC234AEF9}.Debug|Any CPU.Build.0 = Debug|Any CPU
		{8E2FF9C2-1BDE-4052-A2CD-F18AC234AEF9}.Release|Any CPU.ActiveCfg = Release|Any CPU
		{8E2FF9C2-1BDE-4052-A2CD-F18AC234AEF9}.Release|Any CPU.Build.0 = Release|Any CPU
		{2AB2965B-2ECE-4630-8A89-6BC3399E8CCB}.Debug|Any CPU.ActiveCfg = Debug|Any CPU
		{2AB2965B-2ECE-4630-8A89-6BC3399E8CCB}.Debug|Any CPU.Build.0 = Debug|Any CPU
		{2AB2965B-2ECE-4630-8A89-6BC3399E8CCB}.Release|Any CPU.ActiveCfg = Release|Any CPU
		{2AB2965B-2ECE-4630-8A89-6BC3399E8CCB}.Release|Any CPU.Build.0 = Release|Any CPU
		{2C962F08-F2F0-421E-8F98-97AEAF8A8514}.Debug|Any CPU.ActiveCfg = Debug|Any CPU
		{2C962F08-F2F0-421E-8F98-97AEAF8A8514}.Debug|Any CPU.Build.0 = Debug|Any CPU
		{2C962F08-F2F0-421E-8F98-97AEAF8A8514}.Release|Any CPU.ActiveCfg = Release|Any CPU
		{2C962F08-F2F0-421E-8F98-97AEAF8A8514}.Release|Any CPU.Build.0 = Release|Any CPU
		{7B9969F6-5C5A-449F-A1BF-3B000A451685}.Debug|Any CPU.ActiveCfg = Debug|Any CPU
		{7B9969F6-5C5A-449F-A1BF-3B000A451685}.Debug|Any CPU.Build.0 = Debug|Any CPU
		{7B9969F6-5C5A-449F-A1BF-3B000A451685}.Release|Any CPU.ActiveCfg = Release|Any CPU
		{7B9969F6-5C5A-449F-A1BF-3B000A451685}.Release|Any CPU.Build.0 = Release|Any CPU
		{3466C19F-D116-431E-8B07-E9895685217D}.Debug|Any CPU.ActiveCfg = Debug|Any CPU
		{3466C19F-D116-431E-8B07-E9895685217D}.Debug|Any CPU.Build.0 = Debug|Any CPU
		{3466C19F-D116-431E-8B07-E9895685217D}.Release|Any CPU.ActiveCfg = Release|Any CPU
		{3466C19F-D116-431E-8B07-E9895685217D}.Release|Any CPU.Build.0 = Release|Any CPU
		{86C43687-EB26-4D15-B77F-324FDE63E68A}.Debug|Any CPU.ActiveCfg = Debug|Any CPU
		{86C43687-EB26-4D15-B77F-324FDE63E68A}.Debug|Any CPU.Build.0 = Debug|Any CPU
		{86C43687-EB26-4D15-B77F-324FDE63E68A}.Release|Any CPU.ActiveCfg = Release|Any CPU
		{86C43687-EB26-4D15-B77F-324FDE63E68A}.Release|Any CPU.Build.0 = Release|Any CPU
	EndGlobalSection
	GlobalSection(SolutionProperties) = preSolution
		HideSolutionNode = FALSE
	EndGlobalSection
	GlobalSection(NestedProjects) = preSolution
		{CD888B40-BA46-4855-AB14-7F19B5A25FB4} = {0567E5C5-CF8B-4E5C-8DE2-9C6E7EC57A39}
		{8E2FF9C2-1BDE-4052-A2CD-F18AC234AEF9} = {547A68C0-560A-4CAB-97CA-18D7024F3509}
		{2AB2965B-2ECE-4630-8A89-6BC3399E8CCB} = {D549FFFB-BBEF-4422-9A83-6D4719FF17D7}
		{7B9969F6-5C5A-449F-A1BF-3B000A451685} = {0567E5C5-CF8B-4E5C-8DE2-9C6E7EC57A39}
		{3466C19F-D116-431E-8B07-E9895685217D} = {0567E5C5-CF8B-4E5C-8DE2-9C6E7EC57A39}
	EndGlobalSection
EndGlobal
